
Microsoft Visual Studio Solution File, Format Version 12.00
# Visual Studio Version 17
VisualStudioVersion = 17.2.32616.157
MinimumVisualStudioVersion = 10.0.40219.1
Project("{9A19103F-16F7-4668-BE54-9A1E7A4F7556}") = "wtwd", "wtwd\wtwd.csproj", "{DD11BED1-9C8C-450A-98B8-C91F08C71AAB}"
EndProject
Project("{9A19103F-16F7-4668-BE54-9A1E7A4F7556}") = "wtwd.Model", "wtwd.model\wtwd.Model.csproj", "{EB32DDAA-3A8D-4D12-AF55-6A12B6BABDF4}"
EndProject
Project("{9A19103F-16F7-4668-BE54-9A1E7A4F7556}") = "wtwd.Utilities", "wtwd.utilities\wtwd.Utilities.csproj", "{9E907804-C5F5-41CA-8177-AA2DD30736CE}"
EndProject
Project("{9A19103F-16F7-4668-BE54-9A1E7A4F7556}") = "wtwd.Xform", "wtwd.xform\wtwd.Xform.csproj", "{F8A0B311-5038-416D-BE61-D9BDA9BEC2B6}"
EndProject
Global
	GlobalSection(SolutionConfigurationPlatforms) = preSolution
		Debug|Any CPU = Debug|Any CPU
		Release|Any CPU = Release|Any CPU
	EndGlobalSection
	GlobalSection(ProjectConfigurationPlatforms) = postSolution
		{DD11BED1-9C8C-450A-98B8-C91F08C71AAB}.Debug|Any CPU.ActiveCfg = Debug|Any CPU
		{DD11BED1-9C8C-450A-98B8-C91F08C71AAB}.Debug|Any CPU.Build.0 = Debug|Any CPU
		{DD11BED1-9C8C-450A-98B8-C91F08C71AAB}.Release|Any CPU.ActiveCfg = Release|Any CPU
		{DD11BED1-9C8C-450A-98B8-C91F08C71AAB}.Release|Any CPU.Build.0 = Release|Any CPU
		{EB32DDAA-3A8D-4D12-AF55-6A12B6BABDF4}.Debug|Any CPU.ActiveCfg = Debug|Any CPU
		{EB32DDAA-3A8D-4D12-AF55-6A12B6BABDF4}.Debug|Any CPU.Build.0 = Debug|Any CPU
		{EB32DDAA-3A8D-4D12-AF55-6A12B6BABDF4}.Release|Any CPU.ActiveCfg = Release|Any CPU
		{EB32DDAA-3A8D-4D12-AF55-6A12B6BABDF4}.Release|Any CPU.Build.0 = Release|Any CPU
		{9E907804-C5F5-41CA-8177-AA2DD30736CE}.Debug|Any CPU.ActiveCfg = Debug|Any CPU
		{9E907804-C5F5-41CA-8177-AA2DD30736CE}.Debug|Any CPU.Build.0 = Debug|Any CPU
		{9E907804-C5F5-41CA-8177-AA2DD30736CE}.Release|Any CPU.ActiveCfg = Release|Any CPU
		{9E907804-C5F5-41CA-8177-AA2DD30736CE}.Release|Any CPU.Build.0 = Release|Any CPU
		{F8A0B311-5038-416D-BE61-D9BDA9BEC2B6}.Debug|Any CPU.ActiveCfg = Debug|Any CPU
		{F8A0B311-5038-416D-BE61-D9BDA9BEC2B6}.Debug|Any CPU.Build.0 = Debug|Any CPU
		{F8A0B311-5038-416D-BE61-D9BDA9BEC2B6}.Release|Any CPU.ActiveCfg = Release|Any CPU
		{F8A0B311-5038-416D-BE61-D9BDA9BEC2B6}.Release|Any CPU.Build.0 = Release|Any CPU
	EndGlobalSection
	GlobalSection(SolutionProperties) = preSolution
		HideSolutionNode = FALSE
	EndGlobalSection
	GlobalSection(ExtensibilityGlobals) = postSolution
		SolutionGuid = {D5694AE9-1B0B-43F4-9A0A-6A5EBF86D18B}
	EndGlobalSection
EndGlobal
