
Microsoft Visual Studio Solution File, Format Version 12.00
# Visual Studio Version 18
VisualStudioVersion = 18.1.11312.151 d18.0
MinimumVisualStudioVersion = 10.0.40219.1
Project("{9A19103F-16F7-4668-BE54-9A1E7A4F7556}") = "wtwd.cli", "wtwd.cli\wtwd.cli.csproj", "{DD11BED1-9C8C-450A-98B8-C91F08C71AAB}"
EndProject
Project("{9A19103F-16F7-4668-BE54-9A1E7A4F7556}") = "wtwd.Model", "wtwd.Model\wtwd.Model.csproj", "{EB32DDAA-3A8D-4D12-AF55-6A12B6BABDF4}"
EndProject
Project("{9A19103F-16F7-4668-BE54-9A1E7A4F7556}") = "wtwd.Utilities", "wtwd.Utilities\wtwd.Utilities.csproj", "{9E907804-C5F5-41CA-8177-AA2DD30736CE}"
EndProject
Project("{9A19103F-16F7-4668-BE54-9A1E7A4F7556}") = "wtwd.Model.Xform", "wtwd.Model.Xform\wtwd.Model.Xform.csproj", "{F8A0B311-5038-416D-BE61-D9BDA9BEC2B6}"
EndProject
Project("{9A19103F-16F7-4668-BE54-9A1E7A4F7556}") = "wtwd.cli.List", "wtwd.cli.List\wtwd.cli.List.csproj", "{8F5365EC-B921-4B62-A389-1686E7E57E46}"
EndProject
Project("{9A19103F-16F7-4668-BE54-9A1E7A4F7556}") = "wtwd.cli.Lock", "wtwd.cli.Lock\wtwd.cli.Lock.csproj", "{40C38518-C63B-4ABE-8ADD-4FDCE8F4135D}"
EndProject
Project("{9A19103F-16F7-4668-BE54-9A1E7A4F7556}") = "wtwd.cli.Unlock", "wtwd.cli.Unlock\wtwd.cli.Unlock.csproj", "{CE505C3B-EC98-4BE1-B4A4-9F7C339C1792}"
EndProject
Project("{9A19103F-16F7-4668-BE54-9A1E7A4F7556}") = "wtwd.cli.InitLockUnlock", "wtwd.cli.InitLockUnlock\wtwd.cli.InitLockUnlock.csproj", "{84E06BAB-9DE7-4AF5-9D37-67530D72E25D}"
EndProject
Project("{2150E333-8FDC-42A3-9474-1A3956D46DE8}") = "_solution items", "_solution items", "{252F9185-D6E6-4B83-BF65-AFFACEBC8D6B}"
	ProjectSection(SolutionItems) = preProject
		.gitignore = .gitignore
		Directory.Build.props = Directory.Build.props
		LICENSE = LICENSE
		README.md = README.md
	EndProjectSection
EndProject
Global
	GlobalSection(SolutionConfigurationPlatforms) = preSolution
		Debug|Any CPU = Debug|Any CPU
		Release|Any CPU = Release|Any CPU
	EndGlobalSection
	GlobalSection(ProjectConfigurationPlatforms) = postSolution
		{DD11BED1-9C8C-450A-98B8-C91F08C71AAB}.Debug|Any CPU.ActiveCfg = Debug|Any CPU
		{DD11BED1-9C8C-450A-98B8-C91F08C71AAB}.Debug|Any CPU.Build.0 = Debug|Any CPU
		{DD11BED1-9C8C-450A-98B8-C91F08C71AAB}.Release|Any CPU.ActiveCfg = Release|Any CPU
		{DD11BED1-9C8C-450A-98B8-C91F08C71AAB}.Release|Any CPU.Build.0 = Release|Any CPU
		{EB32DDAA-3A8D-4D12-AF55-6A12B6BABDF4}.Debug|Any CPU.ActiveCfg = Debug|Any CPU
		{EB32DDAA-3A8D-4D12-AF55-6A12B6BABDF4}.Debug|Any CPU.Build.0 = Debug|Any CPU
		{EB32DDAA-3A8D-4D12-AF55-6A12B6BABDF4}.Release|Any CPU.ActiveCfg = Release|Any CPU
		{EB32DDAA-3A8D-4D12-AF55-6A12B6BABDF4}.Release|Any CPU.Build.0 = Release|Any CPU
		{9E907804-C5F5-41CA-8177-AA2DD30736CE}.Debug|Any CPU.ActiveCfg = Debug|Any CPU
		{9E907804-C5F5-41CA-8177-AA2DD30736CE}.Debug|Any CPU.Build.0 = Debug|Any CPU
		{9E907804-C5F5-41CA-8177-AA2DD30736CE}.Release|Any CPU.ActiveCfg = Release|Any CPU
		{9E907804-C5F5-41CA-8177-AA2DD30736CE}.Release|Any CPU.Build.0 = Release|Any CPU
		{F8A0B311-5038-416D-BE61-D9BDA9BEC2B6}.Debug|Any CPU.ActiveCfg = Debug|Any CPU
		{F8A0B311-5038-416D-BE61-D9BDA9BEC2B6}.Debug|Any CPU.Build.0 = Debug|Any CPU
		{F8A0B311-5038-416D-BE61-D9BDA9BEC2B6}.Release|Any CPU.ActiveCfg = Release|Any CPU
		{F8A0B311-5038-416D-BE61-D9BDA9BEC2B6}.Release|Any CPU.Build.0 = Release|Any CPU
		{8F5365EC-B921-4B62-A389-1686E7E57E46}.Debug|Any CPU.ActiveCfg = Debug|Any CPU
		{8F5365EC-B921-4B62-A389-1686E7E57E46}.Debug|Any CPU.Build.0 = Debug|Any CPU
		{8F5365EC-B921-4B62-A389-1686E7E57E46}.Release|Any CPU.ActiveCfg = Release|Any CPU
		{8F5365EC-B921-4B62-A389-1686E7E57E46}.Release|Any CPU.Build.0 = Release|Any CPU
		{40C38518-C63B-4ABE-8ADD-4FDCE8F4135D}.Debug|Any CPU.ActiveCfg = Debug|Any CPU
		{40C38518-C63B-4ABE-8ADD-4FDCE8F4135D}.Debug|Any CPU.Build.0 = Debug|Any CPU
		{40C38518-C63B-4ABE-8ADD-4FDCE8F4135D}.Release|Any CPU.ActiveCfg = Release|Any CPU
		{40C38518-C63B-4ABE-8ADD-4FDCE8F4135D}.Release|Any CPU.Build.0 = Release|Any CPU
		{CE505C3B-EC98-4BE1-B4A4-9F7C339C1792}.Debug|Any CPU.ActiveCfg = Debug|Any CPU
		{CE505C3B-EC98-4BE1-B4A4-9F7C339C1792}.Debug|Any CPU.Build.0 = Debug|Any CPU
		{CE505C3B-EC98-4BE1-B4A4-9F7C339C1792}.Release|Any CPU.ActiveCfg = Release|Any CPU
		{CE505C3B-EC98-4BE1-B4A4-9F7C339C1792}.Release|Any CPU.Build.0 = Release|Any CPU
		{84E06BAB-9DE7-4AF5-9D37-67530D72E25D}.Debug|Any CPU.ActiveCfg = Debug|Any CPU
		{84E06BAB-9DE7-4AF5-9D37-67530D72E25D}.Debug|Any CPU.Build.0 = Debug|Any CPU
		{84E06BAB-9DE7-4AF5-9D37-67530D72E25D}.Release|Any CPU.ActiveCfg = Release|Any CPU
		{84E06BAB-9DE7-4AF5-9D37-67530D72E25D}.Release|Any CPU.Build.0 = Release|Any CPU
	EndGlobalSection
	GlobalSection(SolutionProperties) = preSolution
		HideSolutionNode = FALSE
	EndGlobalSection
	GlobalSection(ExtensibilityGlobals) = postSolution
		SolutionGuid = {D5694AE9-1B0B-43F4-9A0A-6A5EBF86D18B}
	EndGlobalSection
EndGlobal
